
Microsoft Visual Studio Solution File, Format Version 12.00
Project("{FAE04EC0-301F-11D3-BF4B-00C04F79EFBC}") = "Align", "Align\Align.csproj", "{10E9BEE6-169B-46EA-993E-8787A3E1DEDE}"
EndProject
Global
	GlobalSection(SolutionConfigurationPlatforms) = preSolution
		Debug|Any CPU = Debug|Any CPU
		Release|Any CPU = Release|Any CPU
	EndGlobalSection
	GlobalSection(ProjectConfigurationPlatforms) = postSolution
		{10E9BEE6-169B-46EA-993E-8787A3E1DEDE}.Debug|Any CPU.ActiveCfg = Debug|Any CPU
		{10E9BEE6-169B-46EA-993E-8787A3E1DEDE}.Debug|Any CPU.Build.0 = Debug|Any CPU
		{10E9BEE6-169B-46EA-993E-8787A3E1DEDE}.Release|Any CPU.ActiveCfg = Release|Any CPU
		{10E9BEE6-169B-46EA-993E-8787A3E1DEDE}.Release|Any CPU.Build.0 = Release|Any CPU
	EndGlobalSection
EndGlobal
